// !$*UTF8*$!
{
	archiveVersion = 1;
	classes = {
	};
	objectVersion = 46;
	objects = {

/* Begin PBXBuildFile section */
		60CC115A1D6218BC00B37716 /* CaseStudy1.html in Resources */ = {isa = PBXBuildFile; fileRef = 60CC11501D6218BC00B37716 /* CaseStudy1.html */; };
		60CC115B1D6218BC00B37716 /* CaseStudy2.html in Resources */ = {isa = PBXBuildFile; fileRef = 60CC11511D6218BC00B37716 /* CaseStudy2.html */; };
		60CC115C1D6218BC00B37716 /* CaseStudy3.html in Resources */ = {isa = PBXBuildFile; fileRef = 60CC11521D6218BC00B37716 /* CaseStudy3.html */; };
		60CC115D1D6218BC00B37716 /* CaseStudy4.html in Resources */ = {isa = PBXBuildFile; fileRef = 60CC11531D6218BC00B37716 /* CaseStudy4.html */; };
		60CC115E1D6218BC00B37716 /* CaseStudy5.html in Resources */ = {isa = PBXBuildFile; fileRef = 60CC11541D6218BC00B37716 /* CaseStudy5.html */; };
		60CC115F1D6218BC00B37716 /* CaseStudy6.html in Resources */ = {isa = PBXBuildFile; fileRef = 60CC11551D6218BC00B37716 /* CaseStudy6.html */; };
		60CC11601D6218BC00B37716 /* CaseStudy7.html in Resources */ = {isa = PBXBuildFile; fileRef = 60CC11561D6218BC00B37716 /* CaseStudy7.html */; };
		60CC11611D6218BC00B37716 /* CaseStudy8.html in Resources */ = {isa = PBXBuildFile; fileRef = 60CC11571D6218BC00B37716 /* CaseStudy8.html */; };
		60CC11621D6218BC00B37716 /* CaseStudy9.html in Resources */ = {isa = PBXBuildFile; fileRef = 60CC11581D6218BC00B37716 /* CaseStudy9.html */; };
		60CC11631D6218BC00B37716 /* CaseStudy10.html in Resources */ = {isa = PBXBuildFile; fileRef = 60CC11591D6218BC00B37716 /* CaseStudy10.html */; };
		60CC11E41D6DD82E00B37716 /* Case_studies in Resources */ = {isa = PBXBuildFile; fileRef = 60CC11E31D6DD82E00B37716 /* Case_studies */; };
		60CC11E61D6EDEB200B37716 /* autoGallery.html in Resources */ = {isa = PBXBuildFile; fileRef = 60CC11E51D6EDEB200B37716 /* autoGallery.html */; };
		60CC11E81D6EE19C00B37716 /* Infographics in Resources */ = {isa = PBXBuildFile; fileRef = 60CC11E71D6EE19C00B37716 /* Infographics */; };
		60CC11F21D6EE57F00B37716 /* swiper.jquery.js in Resources */ = {isa = PBXBuildFile; fileRef = 60CC11EE1D6EE57F00B37716 /* swiper.jquery.js */; };
		60CC11F31D6EE57F00B37716 /* swiper.jquery.min.js in Resources */ = {isa = PBXBuildFile; fileRef = 60CC11EF1D6EE57F00B37716 /* swiper.jquery.min.js */; };
		60CC11F41D6EE57F00B37716 /* swiper.js in Resources */ = {isa = PBXBuildFile; fileRef = 60CC11F01D6EE57F00B37716 /* swiper.js */; };
		60CC11F51D6EE57F00B37716 /* swiper.min.js in Resources */ = {isa = PBXBuildFile; fileRef = 60CC11F11D6EE57F00B37716 /* swiper.min.js */; };
		60CC12011D6EF55100B37716 /* 0_Foreword in Resources */ = {isa = PBXBuildFile; fileRef = 60CC12001D6EF55100B37716 /* 0_Foreword */; };
		60CC12071D6EFA6C00B37716 /* Market_intelligence in Resources */ = {isa = PBXBuildFile; fileRef = 60CC12061D6EFA6C00B37716 /* Market_intelligence */; };
		60CC120B1D6F173B00B37716 /* Cote_dIvoire in Resources */ = {isa = PBXBuildFile; fileRef = 60CC120A1D6F173B00B37716 /* Cote_dIvoire */; };
		60CC12171D6F21CD00B37716 /* Egypt in Resources */ = {isa = PBXBuildFile; fileRef = 60CC12161D6F21CD00B37716 /* Egypt */; };
		60CC12191D6F231000B37716 /* Mekong_region in Resources */ = {isa = PBXBuildFile; fileRef = 60CC12181D6F231000B37716 /* Mekong_region */; };
		60CC121B1D6F284300B37716 /* Kyrgyzstan in Resources */ = {isa = PBXBuildFile; fileRef = 60CC121A1D6F284300B37716 /* Kyrgyzstan */; };
		60CC121D1D6F285000B37716 /* Cambodia in Resources */ = {isa = PBXBuildFile; fileRef = 60CC121C1D6F285000B37716 /* Cambodia */; };
		60CC121F1D6F285C00B37716 /* Nigeria in Resources */ = {isa = PBXBuildFile; fileRef = 60CC121E1D6F285C00B37716 /* Nigeria */; };
		60CC12211D6F286500B37716 /* TPO_benchmarking in Resources */ = {isa = PBXBuildFile; fileRef = 60CC12201D6F286500B37716 /* TPO_benchmarking */; };
		60CC12231D6F287100B37716 /* Ethical_Fashion in Resources */ = {isa = PBXBuildFile; fileRef = 60CC12221D6F287100B37716 /* Ethical_Fashion */; };
		60CC12251D6F288F00B37716 /* Peru in Resources */ = {isa = PBXBuildFile; fileRef = 60CC12241D6F288F00B37716 /* Peru */; };
		60CC12271D6F289A00B37716 /* Papua_New_Guinea in Resources */ = {isa = PBXBuildFile; fileRef = 60CC12261D6F289A00B37716 /* Papua_New_Guinea */; };
		60CC12291D6F28AF00B37716 /* Kenya in Resources */ = {isa = PBXBuildFile; fileRef = 60CC12281D6F28AF00B37716 /* Kenya */; };
		60CC122D1D6F28CC00B37716 /* Mauritius in Resources */ = {isa = PBXBuildFile; fileRef = 60CC122C1D6F28CC00B37716 /* Mauritius */; };
		60CC122F1D6F2DCA00B37716 /* Cote_dIvoire2 in Resources */ = {isa = PBXBuildFile; fileRef = 60CC122E1D6F2DCA00B37716 /* Cote_dIvoire2 */; };
		9F09DF4A1D234B9900C13459 /* PageFive.m in Sources */ = {isa = PBXBuildFile; fileRef = 9F09DF491D234B9900C13459 /* PageFive.m */; };
		9F09DF4D1D234BD200C13459 /* PageFour.m in Sources */ = {isa = PBXBuildFile; fileRef = 9F09DF4C1D234BD200C13459 /* PageFour.m */; };
		9F09DF4F1D2405FF00C13459 /* TPO_benchmarking.html in Resources */ = {isa = PBXBuildFile; fileRef = 9F09DF4E1D2405FF00C13459 /* TPO_benchmarking.html */; };
		9F09DF541D24061900C13459 /* Ethical fashion.html in Resources */ = {isa = PBXBuildFile; fileRef = 9F09DF501D24061900C13459 /* Ethical fashion.html */; };
		9F09DF551D24061900C13459 /* Kenya.html in Resources */ = {isa = PBXBuildFile; fileRef = 9F09DF511D24061900C13459 /* Kenya.html */; };
		9F09DF561D24061900C13459 /* Papa new guinea.html in Resources */ = {isa = PBXBuildFile; fileRef = 9F09DF521D24061900C13459 /* Papa new guinea.html */; };
		9F09DF571D24061900C13459 /* Peru.html in Resources */ = {isa = PBXBuildFile; fileRef = 9F09DF531D24061900C13459 /* Peru.html */; };
		9F09DF591D24062800C13459 /* Cambodia.html in Resources */ = {isa = PBXBuildFile; fileRef = 9F09DF581D24062800C13459 /* Cambodia.html */; };
		9F09DF5B1D24062F00C13459 /* kyrgistan-1.html in Resources */ = {isa = PBXBuildFile; fileRef = 9F09DF5A1D24062F00C13459 /* kyrgistan-1.html */; };
		9F09DF5D1D24063D00C13459 /* Cote_divoire_2.html in Resources */ = {isa = PBXBuildFile; fileRef = 9F09DF5C1D24063D00C13459 /* Cote_divoire_2.html */; };
		9F09DF5F1D24064300C13459 /* mauritius.html in Resources */ = {isa = PBXBuildFile; fileRef = 9F09DF5E1D24064300C13459 /* mauritius.html */; };
		9F12B16D1D2512D400BB6FED /* ViewControllerFive.m in Sources */ = {isa = PBXBuildFile; fileRef = 9F12B16C1D2512D400BB6FED /* ViewControllerFive.m */; };
		9F12B1701D25478F00BB6FED /* SettingsViewController.m in Sources */ = {isa = PBXBuildFile; fileRef = 9F12B16F1D25478F00BB6FED /* SettingsViewController.m */; };
		9F6C2A291D1FB681004704BE /* icon-menu.png in Resources */ = {isa = PBXBuildFile; fileRef = 9F6C2A281D1FB681004704BE /* icon-menu.png */; };
		9F6C2A2B1D1FB699004704BE /* previous.png in Resources */ = {isa = PBXBuildFile; fileRef = 9F6C2A2A1D1FB699004704BE /* previous.png */; };
		9F6C2A2D1D1FB6B6004704BE /* next.png in Resources */ = {isa = PBXBuildFile; fileRef = 9F6C2A2C1D1FB6B6004704BE /* next.png */; };
		9F6C2AA71D1FCD81004704BE /* 1-Trade&market.html in Resources */ = {isa = PBXBuildFile; fileRef = 9F6C2A2F1D1FCD81004704BE /* 1-Trade&market.html */; };
		9F6C2AA81D1FCD81004704BE /* 2-Egypt.html in Resources */ = {isa = PBXBuildFile; fileRef = 9F6C2A301D1FCD81004704BE /* 2-Egypt.html */; };
		9F6C2AA91D1FCD81004704BE /* 2-Mekong-region.html in Resources */ = {isa = PBXBuildFile; fileRef = 9F6C2A311D1FCD81004704BE /* 2-Mekong-region.html */; };
		9F6C2AAA1D1FCD81004704BE /* 4-Nigeria.html in Resources */ = {isa = PBXBuildFile; fileRef = 9F6C2A321D1FCD81004704BE /* 4-Nigeria.html */; };
		9F6C2AAB1D1FCD81004704BE /* Cote_dIvoire.html in Resources */ = {isa = PBXBuildFile; fileRef = 9F6C2A331D1FCD81004704BE /* Cote_dIvoire.html */; };
		9F6C2AAC1D1FCD81004704BE /* Impact-Stories-web_1.css in Resources */ = {isa = PBXBuildFile; fileRef = 9F6C2A351D1FCD81004704BE /* Impact-Stories-web_1.css */; };
		9F6C2AAD1D1FCD81004704BE /* foreword.html in Resources */ = {isa = PBXBuildFile; fileRef = 9F6C2A361D1FCD81004704BE /* foreword.html */; };
		9F6C2B1A1D1FCD81004704BE /* Impact-Stories-web_2.html in Resources */ = {isa = PBXBuildFile; fileRef = 9F6C2AA41D1FCD81004704BE /* Impact-Stories-web_2.html */; };
		9F6C2B1B1D1FCD81004704BE /* Market_Intelligence.html in Resources */ = {isa = PBXBuildFile; fileRef = 9F6C2AA51D1FCD81004704BE /* Market_Intelligence.html */; };
		9F6C2B1C1D1FCD81004704BE /* previous.png in Resources */ = {isa = PBXBuildFile; fileRef = 9F6C2AA61D1FCD81004704BE /* previous.png */; };
		9F6C2B1F1D1FD560004704BE /* PageTwo.m in Sources */ = {isa = PBXBuildFile; fileRef = 9F6C2B1E1D1FD560004704BE /* PageTwo.m */; };
		9F6C2B221D1FF472004704BE /* BackgroundLayer.m in Sources */ = {isa = PBXBuildFile; fileRef = 9F6C2B211D1FF472004704BE /* BackgroundLayer.m */; };
		9F6C2B241D20A163004704BE /* back_button.png in Resources */ = {isa = PBXBuildFile; fileRef = 9F6C2B231D20A163004704BE /* back_button.png */; };
		9F6C2B261D20A179004704BE /* next_button.png in Resources */ = {isa = PBXBuildFile; fileRef = 9F6C2B251D20A179004704BE /* next_button.png */; };
		9F6C2B281D213876004704BE /* ITC-logo-high.png in Resources */ = {isa = PBXBuildFile; fileRef = 9F6C2B271D213876004704BE /* ITC-logo-high.png */; };
		9F6C2B2A1D213E9E004704BE /* left-30.png in Resources */ = {isa = PBXBuildFile; fileRef = 9F6C2B291D213E9E004704BE /* left-30.png */; };
		9F6C2B2C1D213EA7004704BE /* right-30.png in Resources */ = {isa = PBXBuildFile; fileRef = 9F6C2B2B1D213EA7004704BE /* right-30.png */; };
		9F6C2B2E1D213EB2004704BE /* menu-30.png in Resources */ = {isa = PBXBuildFile; fileRef = 9F6C2B2D1D213EB2004704BE /* menu-30.png */; };
		9FC0686D1D1DB3F500DA1EFA /* main.m in Sources */ = {isa = PBXBuildFile; fileRef = 9FC0686C1D1DB3F500DA1EFA /* main.m */; };
		9FC068701D1DB3F500DA1EFA /* AppDelegate.m in Sources */ = {isa = PBXBuildFile; fileRef = 9FC0686F1D1DB3F500DA1EFA /* AppDelegate.m */; };
		9FC068731D1DB3F500DA1EFA /* ViewController.m in Sources */ = {isa = PBXBuildFile; fileRef = 9FC068721D1DB3F500DA1EFA /* ViewController.m */; };
		9FC068761D1DB3F500DA1EFA /* Main.storyboard in Resources */ = {isa = PBXBuildFile; fileRef = 9FC068741D1DB3F500DA1EFA /* Main.storyboard */; };
		9FC068791D1DB3F500DA1EFA /* ITC_Impact_Stories.xcdatamodeld in Sources */ = {isa = PBXBuildFile; fileRef = 9FC068771D1DB3F500DA1EFA /* ITC_Impact_Stories.xcdatamodeld */; };
		9FC0687B1D1DB3F500DA1EFA /* Assets.xcassets in Resources */ = {isa = PBXBuildFile; fileRef = 9FC0687A1D1DB3F500DA1EFA /* Assets.xcassets */; };
		9FC0687E1D1DB3F500DA1EFA /* LaunchScreen.storyboard in Resources */ = {isa = PBXBuildFile; fileRef = 9FC0687C1D1DB3F500DA1EFA /* LaunchScreen.storyboard */; };
		9FC068891D1DB3F500DA1EFA /* ITC_Impact_StoriesTests.m in Sources */ = {isa = PBXBuildFile; fileRef = 9FC068881D1DB3F500DA1EFA /* ITC_Impact_StoriesTests.m */; };
		9FC068941D1DB3F500DA1EFA /* ITC_Impact_StoriesUITests.m in Sources */ = {isa = PBXBuildFile; fileRef = 9FC068931D1DB3F500DA1EFA /* ITC_Impact_StoriesUITests.m */; };
		9FC068A31D1DB40D00DA1EFA /* SWRevealViewController.m in Sources */ = {isa = PBXBuildFile; fileRef = 9FC068A21D1DB40D00DA1EFA /* SWRevealViewController.m */; };
		9FC068A61D1DBCE200DA1EFA /* NavigationViewController.m in Sources */ = {isa = PBXBuildFile; fileRef = 9FC068A51D1DBCE200DA1EFA /* NavigationViewController.m */; };
		9FC068A91D1E59BA00DA1EFA /* ViewControllerTwo.m in Sources */ = {isa = PBXBuildFile; fileRef = 9FC068A81D1E59BA00DA1EFA /* ViewControllerTwo.m */; };
		9FC068AC1D1E59CF00DA1EFA /* ViewControllerThree.m in Sources */ = {isa = PBXBuildFile; fileRef = 9FC068AB1D1E59CF00DA1EFA /* ViewControllerThree.m */; };
		9FC068AF1D1E5DE900DA1EFA /* ViewControllerFour.m in Sources */ = {isa = PBXBuildFile; fileRef = 9FC068AE1D1E5DE900DA1EFA /* ViewControllerFour.m */; };
		9FC068B21D1E675D00DA1EFA /* RightToLeftSegue.m in Sources */ = {isa = PBXBuildFile; fileRef = 9FC068B11D1E675D00DA1EFA /* RightToLeftSegue.m */; };
		9FC8F04A1D74486A00B5521D /* MenuCell.m in Sources */ = {isa = PBXBuildFile; fileRef = 9FC8F0491D74486A00B5521D /* MenuCell.m */; };
		9FC8F0501D7468C600B5521D /* CaseTableViewController_2.m in Sources */ = {isa = PBXBuildFile; fileRef = 9FC8F04F1D7468C600B5521D /* CaseTableViewController_2.m */; };
		9FC8F0531D7468D900B5521D /* CaseTableViewController_3.m in Sources */ = {isa = PBXBuildFile; fileRef = 9FC8F0521D7468D900B5521D /* CaseTableViewController_3.m */; };
		9FC8F0561D7468E700B5521D /* CaseTableViewController_4.m in Sources */ = {isa = PBXBuildFile; fileRef = 9FC8F0551D7468E700B5521D /* CaseTableViewController_4.m */; };
		9FC8F0591D7468F600B5521D /* CaseTableViewController_5.m in Sources */ = {isa = PBXBuildFile; fileRef = 9FC8F0581D7468F600B5521D /* CaseTableViewController_5.m */; };
		9FC8F05C1D74690500B5521D /* CaseTableViewController_6.m in Sources */ = {isa = PBXBuildFile; fileRef = 9FC8F05B1D74690500B5521D /* CaseTableViewController_6.m */; };
		9FD2CF1B1D72045B00F476E2 /* swiper.min.css in Resources */ = {isa = PBXBuildFile; fileRef = 9FD2CF1A1D72045B00F476E2 /* swiper.min.css */; };
		9FD2CF1C1D72045B00F476E2 /* swiper.min.css in Resources */ = {isa = PBXBuildFile; fileRef = 9FD2CF1A1D72045B00F476E2 /* swiper.min.css */; };
		9FD2CF1E1D72046800F476E2 /* swiper.css in Resources */ = {isa = PBXBuildFile; fileRef = 9FD2CF1D1D72046800F476E2 /* swiper.css */; };
		9FD2CF1F1D72046800F476E2 /* swiper.css in Resources */ = {isa = PBXBuildFile; fileRef = 9FD2CF1D1D72046800F476E2 /* swiper.css */; };
		9FD2CF261D7337A700F476E2 /* CaseTableViewController_1.m in Sources */ = {isa = PBXBuildFile; fileRef = 9FD2CF251D7337A700F476E2 /* CaseTableViewController_1.m */; };
		9FD2CF271D7337A700F476E2 /* CaseTableViewController_1.m in Sources */ = {isa = PBXBuildFile; fileRef = 9FD2CF251D7337A700F476E2 /* CaseTableViewController_1.m */; };
		9FD2CF2A1D7338F300F476E2 /* ThemeCell.m in Sources */ = {isa = PBXBuildFile; fileRef = 9FD2CF291D7338F300F476E2 /* ThemeCell.m */; };
		9FD2CF2B1D7338F300F476E2 /* ThemeCell.m in Sources */ = {isa = PBXBuildFile; fileRef = 9FD2CF291D7338F300F476E2 /* ThemeCell.m */; };
		9FD2CF2E1D739AFF00F476E2 /* StoryCell.m in Sources */ = {isa = PBXBuildFile; fileRef = 9FD2CF2D1D739AFF00F476E2 /* StoryCell.m */; };
		9FD2CF2F1D739AFF00F476E2 /* StoryCell.m in Sources */ = {isa = PBXBuildFile; fileRef = 9FD2CF2D1D739AFF00F476E2 /* StoryCell.m */; };
		9FD2CF321D73A2A600F476E2 /* PageTwo_2.m in Sources */ = {isa = PBXBuildFile; fileRef = 9FD2CF311D73A2A600F476E2 /* PageTwo_2.m */; };
		9FD2CF331D73A2A600F476E2 /* PageTwo_2.m in Sources */ = {isa = PBXBuildFile; fileRef = 9FD2CF311D73A2A600F476E2 /* PageTwo_2.m */; };
		9FFF7DE71D216C060041E3DB /* PageThree.m in Sources */ = {isa = PBXBuildFile; fileRef = 9FFF7DE61D216C060041E3DB /* PageThree.m */; };
/* End PBXBuildFile section */

/* Begin PBXContainerItemProxy section */
		9FC068851D1DB3F500DA1EFA /* PBXContainerItemProxy */ = {
			isa = PBXContainerItemProxy;
			containerPortal = 9FC068601D1DB3F500DA1EFA /* Project object */;
			proxyType = 1;
			remoteGlobalIDString = 9FC068671D1DB3F500DA1EFA;
			remoteInfo = "ITC Impact Stories";
		};
		9FC068901D1DB3F500DA1EFA /* PBXContainerItemProxy */ = {
			isa = PBXContainerItemProxy;
			containerPortal = 9FC068601D1DB3F500DA1EFA /* Project object */;
			proxyType = 1;
			remoteGlobalIDString = 9FC068671D1DB3F500DA1EFA;
			remoteInfo = "ITC Impact Stories";
		};
/* End PBXContainerItemProxy section */

/* Begin PBXFileReference section */
		60CC11501D6218BC00B37716 /* CaseStudy1.html */ = {isa = PBXFileReference; fileEncoding = 4; lastKnownFileType = text.html; path = CaseStudy1.html; sourceTree = "<group>"; };
		60CC11511D6218BC00B37716 /* CaseStudy2.html */ = {isa = PBXFileReference; fileEncoding = 4; lastKnownFileType = text.html; path = CaseStudy2.html; sourceTree = "<group>"; };
		60CC11521D6218BC00B37716 /* CaseStudy3.html */ = {isa = PBXFileReference; fileEncoding = 4; lastKnownFileType = text.html; path = CaseStudy3.html; sourceTree = "<group>"; };
		60CC11531D6218BC00B37716 /* CaseStudy4.html */ = {isa = PBXFileReference; fileEncoding = 4; lastKnownFileType = text.html; path = CaseStudy4.html; sourceTree = "<group>"; };
		60CC11541D6218BC00B37716 /* CaseStudy5.html */ = {isa = PBXFileReference; fileEncoding = 4; lastKnownFileType = text.html; path = CaseStudy5.html; sourceTree = "<group>"; };
		60CC11551D6218BC00B37716 /* CaseStudy6.html */ = {isa = PBXFileReference; fileEncoding = 4; lastKnownFileType = text.html; path = CaseStudy6.html; sourceTree = "<group>"; };
		60CC11561D6218BC00B37716 /* CaseStudy7.html */ = {isa = PBXFileReference; fileEncoding = 4; lastKnownFileType = text.html; path = CaseStudy7.html; sourceTree = "<group>"; };
		60CC11571D6218BC00B37716 /* CaseStudy8.html */ = {isa = PBXFileReference; fileEncoding = 4; lastKnownFileType = text.html; path = CaseStudy8.html; sourceTree = "<group>"; };
		60CC11581D6218BC00B37716 /* CaseStudy9.html */ = {isa = PBXFileReference; fileEncoding = 4; lastKnownFileType = text.html; path = CaseStudy9.html; sourceTree = "<group>"; };
		60CC11591D6218BC00B37716 /* CaseStudy10.html */ = {isa = PBXFileReference; fileEncoding = 4; lastKnownFileType = text.html; path = CaseStudy10.html; sourceTree = "<group>"; };
		60CC11E31D6DD82E00B37716 /* Case_studies */ = {isa = PBXFileReference; lastKnownFileType = folder; path = Case_studies; sourceTree = "<group>"; };
		60CC11E51D6EDEB200B37716 /* autoGallery.html */ = {isa = PBXFileReference; fileEncoding = 4; lastKnownFileType = text.html; path = autoGallery.html; sourceTree = "<group>"; };
		60CC11E71D6EE19C00B37716 /* Infographics */ = {isa = PBXFileReference; lastKnownFileType = folder; path = Infographics; sourceTree = "<group>"; };
		60CC11EE1D6EE57F00B37716 /* swiper.jquery.js */ = {isa = PBXFileReference; fileEncoding = 4; lastKnownFileType = sourcecode.javascript; name = swiper.jquery.js; path = js/swiper.jquery.js; sourceTree = "<group>"; };
		60CC11EF1D6EE57F00B37716 /* swiper.jquery.min.js */ = {isa = PBXFileReference; fileEncoding = 4; lastKnownFileType = sourcecode.javascript; name = swiper.jquery.min.js; path = js/swiper.jquery.min.js; sourceTree = "<group>"; };
		60CC11F01D6EE57F00B37716 /* swiper.js */ = {isa = PBXFileReference; fileEncoding = 4; lastKnownFileType = sourcecode.javascript; name = swiper.js; path = ../js/swiper.js; sourceTree = "<group>"; };
		60CC11F11D6EE57F00B37716 /* swiper.min.js */ = {isa = PBXFileReference; fileEncoding = 4; lastKnownFileType = sourcecode.javascript; name = swiper.min.js; path = js/swiper.min.js; sourceTree = "<group>"; };
		60CC12001D6EF55100B37716 /* 0_Foreword */ = {isa = PBXFileReference; lastKnownFileType = folder; path = 0_Foreword; sourceTree = "<group>"; };
		60CC12061D6EFA6C00B37716 /* Market_intelligence */ = {isa = PBXFileReference; lastKnownFileType = folder; path = Market_intelligence; sourceTree = "<group>"; };
		60CC120A1D6F173B00B37716 /* Cote_dIvoire */ = {isa = PBXFileReference; lastKnownFileType = folder; path = Cote_dIvoire; sourceTree = "<group>"; };
		60CC12161D6F21CD00B37716 /* Egypt */ = {isa = PBXFileReference; lastKnownFileType = folder; path = Egypt; sourceTree = "<group>"; };
		60CC12181D6F231000B37716 /* Mekong_region */ = {isa = PBXFileReference; lastKnownFileType = folder; path = Mekong_region; sourceTree = "<group>"; };
		60CC121A1D6F284300B37716 /* Kyrgyzstan */ = {isa = PBXFileReference; lastKnownFileType = folder; path = Kyrgyzstan; sourceTree = "<group>"; };
		60CC121C1D6F285000B37716 /* Cambodia */ = {isa = PBXFileReference; lastKnownFileType = folder; path = Cambodia; sourceTree = "<group>"; };
		60CC121E1D6F285C00B37716 /* Nigeria */ = {isa = PBXFileReference; lastKnownFileType = folder; path = Nigeria; sourceTree = "<group>"; };
		60CC12201D6F286500B37716 /* TPO_benchmarking */ = {isa = PBXFileReference; lastKnownFileType = folder; path = TPO_benchmarking; sourceTree = "<group>"; };
		60CC12221D6F287100B37716 /* Ethical_Fashion */ = {isa = PBXFileReference; lastKnownFileType = folder; path = Ethical_Fashion; sourceTree = "<group>"; };
		60CC12241D6F288F00B37716 /* Peru */ = {isa = PBXFileReference; lastKnownFileType = folder; path = Peru; sourceTree = "<group>"; };
		60CC12261D6F289A00B37716 /* Papua_New_Guinea */ = {isa = PBXFileReference; lastKnownFileType = folder; path = Papua_New_Guinea; sourceTree = "<group>"; };
		60CC12281D6F28AF00B37716 /* Kenya */ = {isa = PBXFileReference; lastKnownFileType = folder; path = Kenya; sourceTree = "<group>"; };
		60CC122C1D6F28CC00B37716 /* Mauritius */ = {isa = PBXFileReference; lastKnownFileType = folder; path = Mauritius; sourceTree = "<group>"; };
		60CC122E1D6F2DCA00B37716 /* Cote_dIvoire2 */ = {isa = PBXFileReference; lastKnownFileType = folder; path = Cote_dIvoire2; sourceTree = "<group>"; };
		9F09DF481D234B9900C13459 /* PageFive.h */ = {isa = PBXFileReference; fileEncoding = 4; lastKnownFileType = sourcecode.c.h; path = PageFive.h; sourceTree = "<group>"; };
		9F09DF491D234B9900C13459 /* PageFive.m */ = {isa = PBXFileReference; fileEncoding = 4; lastKnownFileType = sourcecode.c.objc; path = PageFive.m; sourceTree = "<group>"; };
		9F09DF4B1D234BD200C13459 /* PageFour.h */ = {isa = PBXFileReference; fileEncoding = 4; lastKnownFileType = sourcecode.c.h; path = PageFour.h; sourceTree = "<group>"; };
		9F09DF4C1D234BD200C13459 /* PageFour.m */ = {isa = PBXFileReference; fileEncoding = 4; lastKnownFileType = sourcecode.c.objc; path = PageFour.m; sourceTree = "<group>"; };
		9F09DF4E1D2405FF00C13459 /* TPO_benchmarking.html */ = {isa = PBXFileReference; fileEncoding = 4; lastKnownFileType = text.html; path = TPO_benchmarking.html; sourceTree = "<group>"; };
		9F09DF501D24061900C13459 /* Ethical fashion.html */ = {isa = PBXFileReference; fileEncoding = 4; lastKnownFileType = text.html; path = "Ethical fashion.html"; sourceTree = "<group>"; };
		9F09DF511D24061900C13459 /* Kenya.html */ = {isa = PBXFileReference; fileEncoding = 4; lastKnownFileType = text.html; path = Kenya.html; sourceTree = "<group>"; };
		9F09DF521D24061900C13459 /* Papa new guinea.html */ = {isa = PBXFileReference; fileEncoding = 4; lastKnownFileType = text.html; path = "Papa new guinea.html"; sourceTree = "<group>"; };
		9F09DF531D24061900C13459 /* Peru.html */ = {isa = PBXFileReference; fileEncoding = 4; lastKnownFileType = text.html; path = Peru.html; sourceTree = "<group>"; };
		9F09DF581D24062800C13459 /* Cambodia.html */ = {isa = PBXFileReference; fileEncoding = 4; lastKnownFileType = text.html; path = Cambodia.html; sourceTree = "<group>"; };
		9F09DF5A1D24062F00C13459 /* kyrgistan-1.html */ = {isa = PBXFileReference; fileEncoding = 4; lastKnownFileType = text.html; path = "kyrgistan-1.html"; sourceTree = "<group>"; };
		9F09DF5C1D24063D00C13459 /* Cote_divoire_2.html */ = {isa = PBXFileReference; fileEncoding = 4; lastKnownFileType = text.html; path = Cote_divoire_2.html; sourceTree = "<group>"; };
		9F09DF5E1D24064300C13459 /* mauritius.html */ = {isa = PBXFileReference; fileEncoding = 4; lastKnownFileType = text.html; path = mauritius.html; sourceTree = "<group>"; };
		9F12B16B1D2512D400BB6FED /* ViewControllerFive.h */ = {isa = PBXFileReference; fileEncoding = 4; lastKnownFileType = sourcecode.c.h; name = ViewControllerFive.h; path = ../ViewControllerFive.h; sourceTree = "<group>"; };
		9F12B16C1D2512D400BB6FED /* ViewControllerFive.m */ = {isa = PBXFileReference; fileEncoding = 4; lastKnownFileType = sourcecode.c.objc; name = ViewControllerFive.m; path = ../ViewControllerFive.m; sourceTree = "<group>"; };
		9F12B16E1D25478F00BB6FED /* SettingsViewController.h */ = {isa = PBXFileReference; fileEncoding = 4; lastKnownFileType = sourcecode.c.h; path = SettingsViewController.h; sourceTree = "<group>"; };
		9F12B16F1D25478F00BB6FED /* SettingsViewController.m */ = {isa = PBXFileReference; fileEncoding = 4; lastKnownFileType = sourcecode.c.objc; path = SettingsViewController.m; sourceTree = "<group>"; };
		9F6C2A281D1FB681004704BE /* icon-menu.png */ = {isa = PBXFileReference; lastKnownFileType = image.png; path = "icon-menu.png"; sourceTree = "<group>"; };
		9F6C2A2A1D1FB699004704BE /* previous.png */ = {isa = PBXFileReference; lastKnownFileType = image.png; path = previous.png; sourceTree = "<group>"; };
		9F6C2A2C1D1FB6B6004704BE /* next.png */ = {isa = PBXFileReference; lastKnownFileType = image.png; path = next.png; sourceTree = "<group>"; };
		9F6C2A2F1D1FCD81004704BE /* 1-Trade&market.html */ = {isa = PBXFileReference; fileEncoding = 4; lastKnownFileType = text.html; path = "1-Trade&market.html"; sourceTree = "<group>"; };
		9F6C2A301D1FCD81004704BE /* 2-Egypt.html */ = {isa = PBXFileReference; fileEncoding = 4; lastKnownFileType = text.html; path = "2-Egypt.html"; sourceTree = "<group>"; };
		9F6C2A311D1FCD81004704BE /* 2-Mekong-region.html */ = {isa = PBXFileReference; fileEncoding = 4; lastKnownFileType = text.html; path = "2-Mekong-region.html"; sourceTree = "<group>"; };
		9F6C2A321D1FCD81004704BE /* 4-Nigeria.html */ = {isa = PBXFileReference; fileEncoding = 4; lastKnownFileType = text.html; path = "4-Nigeria.html"; sourceTree = "<group>"; };
		9F6C2A331D1FCD81004704BE /* Cote_dIvoire.html */ = {isa = PBXFileReference; fileEncoding = 4; lastKnownFileType = text.html; path = Cote_dIvoire.html; sourceTree = "<group>"; };
		9F6C2A351D1FCD81004704BE /* Impact-Stories-web_1.css */ = {isa = PBXFileReference; fileEncoding = 4; lastKnownFileType = text.css; path = "Impact-Stories-web_1.css"; sourceTree = "<group>"; };
		9F6C2A361D1FCD81004704BE /* foreword.html */ = {isa = PBXFileReference; fileEncoding = 4; lastKnownFileType = text.html; path = foreword.html; sourceTree = "<group>"; };
		9F6C2AA41D1FCD81004704BE /* Impact-Stories-web_2.html */ = {isa = PBXFileReference; fileEncoding = 4; lastKnownFileType = text.html; path = "Impact-Stories-web_2.html"; sourceTree = "<group>"; };
		9F6C2AA51D1FCD81004704BE /* Market_Intelligence.html */ = {isa = PBXFileReference; fileEncoding = 4; lastKnownFileType = text.html; path = Market_Intelligence.html; sourceTree = "<group>"; };
		9F6C2AA61D1FCD81004704BE /* previous.png */ = {isa = PBXFileReference; lastKnownFileType = image.png; name = previous.png; path = "Impact-Stories-web_1-web-resources/previous.png"; sourceTree = "<group>"; };
		9F6C2B1D1D1FD560004704BE /* PageTwo.h */ = {isa = PBXFileReference; fileEncoding = 4; lastKnownFileType = sourcecode.c.h; path = PageTwo.h; sourceTree = "<group>"; };
		9F6C2B1E1D1FD560004704BE /* PageTwo.m */ = {isa = PBXFileReference; fileEncoding = 4; lastKnownFileType = sourcecode.c.objc; path = PageTwo.m; sourceTree = "<group>"; };
		9F6C2B201D1FF472004704BE /* BackgroundLayer.h */ = {isa = PBXFileReference; fileEncoding = 4; lastKnownFileType = sourcecode.c.h; path = BackgroundLayer.h; sourceTree = "<group>"; };
		9F6C2B211D1FF472004704BE /* BackgroundLayer.m */ = {isa = PBXFileReference; fileEncoding = 4; lastKnownFileType = sourcecode.c.objc; path = BackgroundLayer.m; sourceTree = "<group>"; };
		9F6C2B231D20A163004704BE /* back_button.png */ = {isa = PBXFileReference; lastKnownFileType = image.png; path = back_button.png; sourceTree = "<group>"; };
		9F6C2B251D20A179004704BE /* next_button.png */ = {isa = PBXFileReference; lastKnownFileType = image.png; path = next_button.png; sourceTree = "<group>"; };
		9F6C2B271D213876004704BE /* ITC-logo-high.png */ = {isa = PBXFileReference; lastKnownFileType = image.png; name = "ITC-logo-high.png"; path = "Impact-Stories-web_1-web-resources/ITC-logo-high.png"; sourceTree = "<group>"; };
		9F6C2B291D213E9E004704BE /* left-30.png */ = {isa = PBXFileReference; lastKnownFileType = image.png; path = "left-30.png"; sourceTree = "<group>"; };
		9F6C2B2B1D213EA7004704BE /* right-30.png */ = {isa = PBXFileReference; lastKnownFileType = image.png; path = "right-30.png"; sourceTree = "<group>"; };
		9F6C2B2D1D213EB2004704BE /* menu-30.png */ = {isa = PBXFileReference; lastKnownFileType = image.png; path = "menu-30.png"; sourceTree = "<group>"; };
		9FC068681D1DB3F500DA1EFA /* ITC Impact Stories.app */ = {isa = PBXFileReference; explicitFileType = wrapper.application; includeInIndex = 0; path = "ITC Impact Stories.app"; sourceTree = BUILT_PRODUCTS_DIR; };
		9FC0686C1D1DB3F500DA1EFA /* main.m */ = {isa = PBXFileReference; lastKnownFileType = sourcecode.c.objc; path = main.m; sourceTree = "<group>"; };
		9FC0686E1D1DB3F500DA1EFA /* AppDelegate.h */ = {isa = PBXFileReference; lastKnownFileType = sourcecode.c.h; path = AppDelegate.h; sourceTree = "<group>"; };
		9FC0686F1D1DB3F500DA1EFA /* AppDelegate.m */ = {isa = PBXFileReference; lastKnownFileType = sourcecode.c.objc; path = AppDelegate.m; sourceTree = "<group>"; };
		9FC068711D1DB3F500DA1EFA /* ViewController.h */ = {isa = PBXFileReference; lastKnownFileType = sourcecode.c.h; path = ViewController.h; sourceTree = "<group>"; };
		9FC068721D1DB3F500DA1EFA /* ViewController.m */ = {isa = PBXFileReference; lastKnownFileType = sourcecode.c.objc; path = ViewController.m; sourceTree = "<group>"; };
		9FC068751D1DB3F500DA1EFA /* Base */ = {isa = PBXFileReference; lastKnownFileType = file.storyboard; name = Base; path = Base.lproj/Main.storyboard; sourceTree = "<group>"; };
		9FC068781D1DB3F500DA1EFA /* ITC_Impact_Stories.xcdatamodel */ = {isa = PBXFileReference; lastKnownFileType = wrapper.xcdatamodel; path = ITC_Impact_Stories.xcdatamodel; sourceTree = "<group>"; };
		9FC0687A1D1DB3F500DA1EFA /* Assets.xcassets */ = {isa = PBXFileReference; lastKnownFileType = folder.assetcatalog; path = Assets.xcassets; sourceTree = "<group>"; };
		9FC0687D1D1DB3F500DA1EFA /* Base */ = {isa = PBXFileReference; lastKnownFileType = file.storyboard; name = Base; path = Base.lproj/LaunchScreen.storyboard; sourceTree = "<group>"; };
		9FC0687F1D1DB3F500DA1EFA /* Info.plist */ = {isa = PBXFileReference; lastKnownFileType = text.plist.xml; path = Info.plist; sourceTree = "<group>"; };
		9FC068841D1DB3F500DA1EFA /* ITC Impact StoriesTests.xctest */ = {isa = PBXFileReference; explicitFileType = wrapper.cfbundle; includeInIndex = 0; path = "ITC Impact StoriesTests.xctest"; sourceTree = BUILT_PRODUCTS_DIR; };
		9FC068881D1DB3F500DA1EFA /* ITC_Impact_StoriesTests.m */ = {isa = PBXFileReference; lastKnownFileType = sourcecode.c.objc; path = ITC_Impact_StoriesTests.m; sourceTree = "<group>"; };
		9FC0688A1D1DB3F500DA1EFA /* Info.plist */ = {isa = PBXFileReference; lastKnownFileType = text.plist.xml; path = Info.plist; sourceTree = "<group>"; };
		9FC0688F1D1DB3F500DA1EFA /* ITC Impact StoriesUITests.xctest */ = {isa = PBXFileReference; explicitFileType = wrapper.cfbundle; includeInIndex = 0; path = "ITC Impact StoriesUITests.xctest"; sourceTree = BUILT_PRODUCTS_DIR; };
		9FC068931D1DB3F500DA1EFA /* ITC_Impact_StoriesUITests.m */ = {isa = PBXFileReference; lastKnownFileType = sourcecode.c.objc; path = ITC_Impact_StoriesUITests.m; sourceTree = "<group>"; };
		9FC068951D1DB3F500DA1EFA /* Info.plist */ = {isa = PBXFileReference; lastKnownFileType = text.plist.xml; path = Info.plist; sourceTree = "<group>"; };
		9FC068A11D1DB40D00DA1EFA /* SWRevealViewController.h */ = {isa = PBXFileReference; fileEncoding = 4; lastKnownFileType = sourcecode.c.h; path = SWRevealViewController.h; sourceTree = "<group>"; };
		9FC068A21D1DB40D00DA1EFA /* SWRevealViewController.m */ = {isa = PBXFileReference; fileEncoding = 4; lastKnownFileType = sourcecode.c.objc; path = SWRevealViewController.m; sourceTree = "<group>"; };
		9FC068A41D1DBCE200DA1EFA /* NavigationViewController.h */ = {isa = PBXFileReference; fileEncoding = 4; lastKnownFileType = sourcecode.c.h; name = NavigationViewController.h; path = ../NavigationViewController.h; sourceTree = "<group>"; };
		9FC068A51D1DBCE200DA1EFA /* NavigationViewController.m */ = {isa = PBXFileReference; fileEncoding = 4; lastKnownFileType = sourcecode.c.objc; name = NavigationViewController.m; path = ../NavigationViewController.m; sourceTree = "<group>"; };
		9FC068A71D1E59BA00DA1EFA /* ViewControllerTwo.h */ = {isa = PBXFileReference; fileEncoding = 4; lastKnownFileType = sourcecode.c.h; path = ViewControllerTwo.h; sourceTree = "<group>"; };
		9FC068A81D1E59BA00DA1EFA /* ViewControllerTwo.m */ = {isa = PBXFileReference; fileEncoding = 4; lastKnownFileType = sourcecode.c.objc; path = ViewControllerTwo.m; sourceTree = "<group>"; };
		9FC068AA1D1E59CF00DA1EFA /* ViewControllerThree.h */ = {isa = PBXFileReference; fileEncoding = 4; lastKnownFileType = sourcecode.c.h; path = ViewControllerThree.h; sourceTree = "<group>"; };
		9FC068AB1D1E59CF00DA1EFA /* ViewControllerThree.m */ = {isa = PBXFileReference; fileEncoding = 4; lastKnownFileType = sourcecode.c.objc; path = ViewControllerThree.m; sourceTree = "<group>"; };
		9FC068AD1D1E5DE900DA1EFA /* ViewControllerFour.h */ = {isa = PBXFileReference; fileEncoding = 4; lastKnownFileType = sourcecode.c.h; path = ViewControllerFour.h; sourceTree = "<group>"; };
		9FC068AE1D1E5DE900DA1EFA /* ViewControllerFour.m */ = {isa = PBXFileReference; fileEncoding = 4; lastKnownFileType = sourcecode.c.objc; path = ViewControllerFour.m; sourceTree = "<group>"; };
		9FC068B01D1E675D00DA1EFA /* RightToLeftSegue.h */ = {isa = PBXFileReference; fileEncoding = 4; lastKnownFileType = sourcecode.c.h; path = RightToLeftSegue.h; sourceTree = "<group>"; };
		9FC068B11D1E675D00DA1EFA /* RightToLeftSegue.m */ = {isa = PBXFileReference; fileEncoding = 4; lastKnownFileType = sourcecode.c.objc; path = RightToLeftSegue.m; sourceTree = "<group>"; };
		9FC8F0481D74486A00B5521D /* MenuCell.h */ = {isa = PBXFileReference; fileEncoding = 4; lastKnownFileType = sourcecode.c.h; path = MenuCell.h; sourceTree = "<group>"; };
		9FC8F0491D74486A00B5521D /* MenuCell.m */ = {isa = PBXFileReference; fileEncoding = 4; lastKnownFileType = sourcecode.c.objc; path = MenuCell.m; sourceTree = "<group>"; };
		9FC8F04E1D7468C600B5521D /* CaseTableViewController_2.h */ = {isa = PBXFileReference; fileEncoding = 4; lastKnownFileType = sourcecode.c.h; path = CaseTableViewController_2.h; sourceTree = "<group>"; };
		9FC8F04F1D7468C600B5521D /* CaseTableViewController_2.m */ = {isa = PBXFileReference; fileEncoding = 4; lastKnownFileType = sourcecode.c.objc; path = CaseTableViewController_2.m; sourceTree = "<group>"; };
		9FC8F0511D7468D900B5521D /* CaseTableViewController_3.h */ = {isa = PBXFileReference; fileEncoding = 4; lastKnownFileType = sourcecode.c.h; path = CaseTableViewController_3.h; sourceTree = "<group>"; };
		9FC8F0521D7468D900B5521D /* CaseTableViewController_3.m */ = {isa = PBXFileReference; fileEncoding = 4; lastKnownFileType = sourcecode.c.objc; path = CaseTableViewController_3.m; sourceTree = "<group>"; };
		9FC8F0541D7468E700B5521D /* CaseTableViewController_4.h */ = {isa = PBXFileReference; fileEncoding = 4; lastKnownFileType = sourcecode.c.h; path = CaseTableViewController_4.h; sourceTree = "<group>"; };
		9FC8F0551D7468E700B5521D /* CaseTableViewController_4.m */ = {isa = PBXFileReference; fileEncoding = 4; lastKnownFileType = sourcecode.c.objc; path = CaseTableViewController_4.m; sourceTree = "<group>"; };
		9FC8F0571D7468F600B5521D /* CaseTableViewController_5.h */ = {isa = PBXFileReference; fileEncoding = 4; lastKnownFileType = sourcecode.c.h; path = CaseTableViewController_5.h; sourceTree = "<group>"; };
		9FC8F0581D7468F600B5521D /* CaseTableViewController_5.m */ = {isa = PBXFileReference; fileEncoding = 4; lastKnownFileType = sourcecode.c.objc; path = CaseTableViewController_5.m; sourceTree = "<group>"; };
		9FC8F05A1D74690500B5521D /* CaseTableViewController_6.h */ = {isa = PBXFileReference; fileEncoding = 4; lastKnownFileType = sourcecode.c.h; path = CaseTableViewController_6.h; sourceTree = "<group>"; };
		9FC8F05B1D74690500B5521D /* CaseTableViewController_6.m */ = {isa = PBXFileReference; fileEncoding = 4; lastKnownFileType = sourcecode.c.objc; path = CaseTableViewController_6.m; sourceTree = "<group>"; };
		9FD2CF1A1D72045B00F476E2 /* swiper.min.css */ = {isa = PBXFileReference; fileEncoding = 4; lastKnownFileType = text.css; path = swiper.min.css; sourceTree = "<group>"; };
		9FD2CF1D1D72046800F476E2 /* swiper.css */ = {isa = PBXFileReference; fileEncoding = 4; lastKnownFileType = text.css; path = swiper.css; sourceTree = "<group>"; };
		9FD2CF241D7337A700F476E2 /* CaseTableViewController_1.h */ = {isa = PBXFileReference; fileEncoding = 4; lastKnownFileType = sourcecode.c.h; path = CaseTableViewController_1.h; sourceTree = "<group>"; };
		9FD2CF251D7337A700F476E2 /* CaseTableViewController_1.m */ = {isa = PBXFileReference; fileEncoding = 4; lastKnownFileType = sourcecode.c.objc; path = CaseTableViewController_1.m; sourceTree = "<group>"; };
		9FD2CF281D7338F300F476E2 /* ThemeCell.h */ = {isa = PBXFileReference; fileEncoding = 4; lastKnownFileType = sourcecode.c.h; path = ThemeCell.h; sourceTree = "<group>"; };
		9FD2CF291D7338F300F476E2 /* ThemeCell.m */ = {isa = PBXFileReference; fileEncoding = 4; lastKnownFileType = sourcecode.c.objc; path = ThemeCell.m; sourceTree = "<group>"; };
		9FD2CF2C1D739AFF00F476E2 /* StoryCell.h */ = {isa = PBXFileReference; fileEncoding = 4; lastKnownFileType = sourcecode.c.h; path = StoryCell.h; sourceTree = "<group>"; };
		9FD2CF2D1D739AFF00F476E2 /* StoryCell.m */ = {isa = PBXFileReference; fileEncoding = 4; lastKnownFileType = sourcecode.c.objc; path = StoryCell.m; sourceTree = "<group>"; };
		9FD2CF301D73A2A600F476E2 /* PageTwo_2.h */ = {isa = PBXFileReference; fileEncoding = 4; lastKnownFileType = sourcecode.c.h; path = PageTwo_2.h; sourceTree = "<group>"; };
		9FD2CF311D73A2A600F476E2 /* PageTwo_2.m */ = {isa = PBXFileReference; fileEncoding = 4; lastKnownFileType = sourcecode.c.objc; path = PageTwo_2.m; sourceTree = "<group>"; };
		9FFF7DE51D216C060041E3DB /* PageThree.h */ = {isa = PBXFileReference; fileEncoding = 4; lastKnownFileType = sourcecode.c.h; path = PageThree.h; sourceTree = "<group>"; };
		9FFF7DE61D216C060041E3DB /* PageThree.m */ = {isa = PBXFileReference; fileEncoding = 4; lastKnownFileType = sourcecode.c.objc; path = PageThree.m; sourceTree = "<group>"; };
/* End PBXFileReference section */

/* Begin PBXFrameworksBuildPhase section */
		9FC068651D1DB3F500DA1EFA /* Frameworks */ = {
			isa = PBXFrameworksBuildPhase;
			buildActionMask = 2147483647;
			files = (
			);
			runOnlyForDeploymentPostprocessing = 0;
		};
		9FC068811D1DB3F500DA1EFA /* Frameworks */ = {
			isa = PBXFrameworksBuildPhase;
			buildActionMask = 2147483647;
			files = (
			);
			runOnlyForDeploymentPostprocessing = 0;
		};
		9FC0688C1D1DB3F500DA1EFA /* Frameworks */ = {
			isa = PBXFrameworksBuildPhase;
			buildActionMask = 2147483647;
			files = (
			);
			runOnlyForDeploymentPostprocessing = 0;
		};
/* End PBXFrameworksBuildPhase section */

/* Begin PBXGroup section */
		60CC11ED1D6EE56200B37716 /* js */ = {
			isa = PBXGroup;
			children = (
				60CC11EE1D6EE57F00B37716 /* swiper.jquery.js */,
				60CC11EF1D6EE57F00B37716 /* swiper.jquery.min.js */,
				60CC11F11D6EE57F00B37716 /* swiper.min.js */,
			);
			name = js;
			sourceTree = "<group>";
		};
		9F6C2A2E1D1FCD81004704BE /* Impact-Stories-web_1-web-resources */ = {
			isa = PBXGroup;
			children = (
				9F6C2A371D1FCD81004704BE /* image */,
				9F6C2A341D1FCD81004704BE /* css */,
				60CC11ED1D6EE56200B37716 /* js */,
				60CC11E51D6EDEB200B37716 /* autoGallery.html */,
				9F6C2A361D1FCD81004704BE /* foreword.html */,
				9F6C2AA51D1FCD81004704BE /* Market_Intelligence.html */,
				9F6C2A331D1FCD81004704BE /* Cote_dIvoire.html */,
				9F6C2A301D1FCD81004704BE /* 2-Egypt.html */,
				9F6C2A311D1FCD81004704BE /* 2-Mekong-region.html */,
				9F09DF5A1D24062F00C13459 /* kyrgistan-1.html */,
				9F09DF581D24062800C13459 /* Cambodia.html */,
				9F6C2A321D1FCD81004704BE /* 4-Nigeria.html */,
				9F09DF4E1D2405FF00C13459 /* TPO_benchmarking.html */,
				9F09DF501D24061900C13459 /* Ethical fashion.html */,
				9F09DF531D24061900C13459 /* Peru.html */,
				9F09DF521D24061900C13459 /* Papa new guinea.html */,
				9F09DF511D24061900C13459 /* Kenya.html */,
				9F09DF5C1D24063D00C13459 /* Cote_divoire_2.html */,
				9F09DF5E1D24064300C13459 /* mauritius.html */,
				60CC11501D6218BC00B37716 /* CaseStudy1.html */,
				60CC11511D6218BC00B37716 /* CaseStudy2.html */,
				60CC11521D6218BC00B37716 /* CaseStudy3.html */,
				60CC11531D6218BC00B37716 /* CaseStudy4.html */,
				60CC11541D6218BC00B37716 /* CaseStudy5.html */,
				60CC11551D6218BC00B37716 /* CaseStudy6.html */,
				60CC11561D6218BC00B37716 /* CaseStudy7.html */,
				60CC11571D6218BC00B37716 /* CaseStudy8.html */,
				60CC11581D6218BC00B37716 /* CaseStudy9.html */,
				60CC11591D6218BC00B37716 /* CaseStudy10.html */,
				9F6C2A2F1D1FCD81004704BE /* 1-Trade&market.html */,
				9F6C2AA41D1FCD81004704BE /* Impact-Stories-web_2.html */,
			);
			path = "Impact-Stories-web_1-web-resources";
			sourceTree = "<group>";
		};
		9F6C2A341D1FCD81004704BE /* css */ = {
			isa = PBXGroup;
			children = (
				60CC11F01D6EE57F00B37716 /* swiper.js */,
				9FD2CF1D1D72046800F476E2 /* swiper.css */,
				9FD2CF1A1D72045B00F476E2 /* swiper.min.css */,
				9F6C2A351D1FCD81004704BE /* Impact-Stories-web_1.css */,
			);
			path = css;
			sourceTree = "<group>";
		};
		9F6C2A371D1FCD81004704BE /* image */ = {
			isa = PBXGroup;
			children = (
				60CC122C1D6F28CC00B37716 /* Mauritius */,
				60CC122E1D6F2DCA00B37716 /* Cote_dIvoire2 */,
				60CC12281D6F28AF00B37716 /* Kenya */,
				60CC12261D6F289A00B37716 /* Papua_New_Guinea */,
				60CC12241D6F288F00B37716 /* Peru */,
				60CC12221D6F287100B37716 /* Ethical_Fashion */,
				60CC12201D6F286500B37716 /* TPO_benchmarking */,
				60CC121E1D6F285C00B37716 /* Nigeria */,
				60CC121C1D6F285000B37716 /* Cambodia */,
				60CC121A1D6F284300B37716 /* Kyrgyzstan */,
				60CC12181D6F231000B37716 /* Mekong_region */,
				60CC12161D6F21CD00B37716 /* Egypt */,
				60CC120A1D6F173B00B37716 /* Cote_dIvoire */,
				60CC12061D6EFA6C00B37716 /* Market_intelligence */,
				60CC12001D6EF55100B37716 /* 0_Foreword */,
				60CC11E71D6EE19C00B37716 /* Infographics */,
				60CC11E31D6DD82E00B37716 /* Case_studies */,
			);
			path = image;
			sourceTree = "<group>";
		};
		9F6C2B2F1D215BE9004704BE /* icons */ = {
			isa = PBXGroup;
			children = (
				9F6C2A2A1D1FB699004704BE /* previous.png */,
				9F6C2B291D213E9E004704BE /* left-30.png */,
				9F6C2B2D1D213EB2004704BE /* menu-30.png */,
				9F6C2B2B1D213EA7004704BE /* right-30.png */,
				9F6C2B271D213876004704BE /* ITC-logo-high.png */,
				9F6C2AA61D1FCD81004704BE /* previous.png */,
				9F6C2B251D20A179004704BE /* next_button.png */,
				9F6C2B231D20A163004704BE /* back_button.png */,
				9F6C2A2C1D1FB6B6004704BE /* next.png */,
				9F6C2A281D1FB681004704BE /* icon-menu.png */,
			);
			name = icons;
			sourceTree = "<group>";
		};
		9FC0685F1D1DB3F500DA1EFA = {
			isa = PBXGroup;
			children = (
				9FC0686A1D1DB3F500DA1EFA /* ITC Impact Stories */,
				9FC068871D1DB3F500DA1EFA /* ITC Impact StoriesTests */,
				9FC068921D1DB3F500DA1EFA /* ITC Impact StoriesUITests */,
				9FC068691D1DB3F500DA1EFA /* Products */,
			);
			sourceTree = "<group>";
		};
		9FC068691D1DB3F500DA1EFA /* Products */ = {
			isa = PBXGroup;
			children = (
				9FC068681D1DB3F500DA1EFA /* ITC Impact Stories.app */,
				9FC068841D1DB3F500DA1EFA /* ITC Impact StoriesTests.xctest */,
				9FC0688F1D1DB3F500DA1EFA /* ITC Impact StoriesUITests.xctest */,
			);
			name = Products;
			sourceTree = "<group>";
		};
		9FC0686A1D1DB3F500DA1EFA /* ITC Impact Stories */ = {
			isa = PBXGroup;
			children = (
				9F6C2B2F1D215BE9004704BE /* icons */,
				9F6C2A2E1D1FCD81004704BE /* Impact-Stories-web_1-web-resources */,
				9FC068A41D1DBCE200DA1EFA /* NavigationViewController.h */,
				9FC068A51D1DBCE200DA1EFA /* NavigationViewController.m */,
				9FC068A11D1DB40D00DA1EFA /* SWRevealViewController.h */,
				9FC068A21D1DB40D00DA1EFA /* SWRevealViewController.m */,
				9FC0686E1D1DB3F500DA1EFA /* AppDelegate.h */,
				9FC0686F1D1DB3F500DA1EFA /* AppDelegate.m */,
				9FC068741D1DB3F500DA1EFA /* Main.storyboard */,
				9FC0687A1D1DB3F500DA1EFA /* Assets.xcassets */,
				9FC0687C1D1DB3F500DA1EFA /* LaunchScreen.storyboard */,
				9FC0687F1D1DB3F500DA1EFA /* Info.plist */,
				9FC068771D1DB3F500DA1EFA /* ITC_Impact_Stories.xcdatamodeld */,
				9FC0686B1D1DB3F500DA1EFA /* Supporting Files */,
				9FC068711D1DB3F500DA1EFA /* ViewController.h */,
				9FC068721D1DB3F500DA1EFA /* ViewController.m */,
				9FD2CF281D7338F300F476E2 /* ThemeCell.h */,
				9FD2CF291D7338F300F476E2 /* ThemeCell.m */,
				9FC068A71D1E59BA00DA1EFA /* ViewControllerTwo.h */,
				9FC068A81D1E59BA00DA1EFA /* ViewControllerTwo.m */,
				9FC068AA1D1E59CF00DA1EFA /* ViewControllerThree.h */,
				9FC068AB1D1E59CF00DA1EFA /* ViewControllerThree.m */,
				9FC068AD1D1E5DE900DA1EFA /* ViewControllerFour.h */,
				9FC068AE1D1E5DE900DA1EFA /* ViewControllerFour.m */,
				9F12B16B1D2512D400BB6FED /* ViewControllerFive.h */,
				9F12B16C1D2512D400BB6FED /* ViewControllerFive.m */,
				9FC068B01D1E675D00DA1EFA /* RightToLeftSegue.h */,
				9FC068B11D1E675D00DA1EFA /* RightToLeftSegue.m */,
				9F6C2B1D1D1FD560004704BE /* PageTwo.h */,
				9F6C2B1E1D1FD560004704BE /* PageTwo.m */,
				9FD2CF301D73A2A600F476E2 /* PageTwo_2.h */,
				9FD2CF311D73A2A600F476E2 /* PageTwo_2.m */,
				9F6C2B201D1FF472004704BE /* BackgroundLayer.h */,
				9F6C2B211D1FF472004704BE /* BackgroundLayer.m */,
				9FFF7DE51D216C060041E3DB /* PageThree.h */,
				9FFF7DE61D216C060041E3DB /* PageThree.m */,
				9F09DF4B1D234BD200C13459 /* PageFour.h */,
				9F09DF4C1D234BD200C13459 /* PageFour.m */,
				9F09DF481D234B9900C13459 /* PageFive.h */,
				9F09DF491D234B9900C13459 /* PageFive.m */,
				9F12B16E1D25478F00BB6FED /* SettingsViewController.h */,
				9F12B16F1D25478F00BB6FED /* SettingsViewController.m */,
				9FD2CF2C1D739AFF00F476E2 /* StoryCell.h */,
				9FD2CF2D1D739AFF00F476E2 /* StoryCell.m */,
				9FC8F0481D74486A00B5521D /* MenuCell.h */,
				9FC8F0491D74486A00B5521D /* MenuCell.m */,
				9FD2CF241D7337A700F476E2 /* CaseTableViewController_1.h */,
				9FD2CF251D7337A700F476E2 /* CaseTableViewController_1.m */,
				9FC8F04E1D7468C600B5521D /* CaseTableViewController_2.h */,
				9FC8F04F1D7468C600B5521D /* CaseTableViewController_2.m */,
				9FC8F0511D7468D900B5521D /* CaseTableViewController_3.h */,
				9FC8F0521D7468D900B5521D /* CaseTableViewController_3.m */,
				9FC8F0541D7468E700B5521D /* CaseTableViewController_4.h */,
				9FC8F0551D7468E700B5521D /* CaseTableViewController_4.m */,
				9FC8F0571D7468F600B5521D /* CaseTableViewController_5.h */,
				9FC8F0581D7468F600B5521D /* CaseTableViewController_5.m */,
				9FC8F05A1D74690500B5521D /* CaseTableViewController_6.h */,
				9FC8F05B1D74690500B5521D /* CaseTableViewController_6.m */,
			);
			path = "ITC Impact Stories";
			sourceTree = "<group>";
		};
		9FC0686B1D1DB3F500DA1EFA /* Supporting Files */ = {
			isa = PBXGroup;
			children = (
				9FC0686C1D1DB3F500DA1EFA /* main.m */,
			);
			name = "Supporting Files";
			sourceTree = "<group>";
		};
		9FC068871D1DB3F500DA1EFA /* ITC Impact StoriesTests */ = {
			isa = PBXGroup;
			children = (
				9FC068881D1DB3F500DA1EFA /* ITC_Impact_StoriesTests.m */,
				9FC0688A1D1DB3F500DA1EFA /* Info.plist */,
			);
			path = "ITC Impact StoriesTests";
			sourceTree = "<group>";
		};
		9FC068921D1DB3F500DA1EFA /* ITC Impact StoriesUITests */ = {
			isa = PBXGroup;
			children = (
				9FC068931D1DB3F500DA1EFA /* ITC_Impact_StoriesUITests.m */,
				9FC068951D1DB3F500DA1EFA /* Info.plist */,
			);
			path = "ITC Impact StoriesUITests";
			sourceTree = "<group>";
		};
/* End PBXGroup section */

/* Begin PBXNativeTarget section */
		9FC068671D1DB3F500DA1EFA /* ITC Impact Stories */ = {
			isa = PBXNativeTarget;
			buildConfigurationList = 9FC068981D1DB3F500DA1EFA /* Build configuration list for PBXNativeTarget "ITC Impact Stories" */;
			buildPhases = (
				9FC068641D1DB3F500DA1EFA /* Sources */,
				9FC068651D1DB3F500DA1EFA /* Frameworks */,
				9FC068661D1DB3F500DA1EFA /* Resources */,
			);
			buildRules = (
			);
			dependencies = (
			);
			name = "ITC Impact Stories";
			productName = "ITC Impact Stories";
			productReference = 9FC068681D1DB3F500DA1EFA /* ITC Impact Stories.app */;
			productType = "com.apple.product-type.application";
		};
		9FC068831D1DB3F500DA1EFA /* ITC Impact StoriesTests */ = {
			isa = PBXNativeTarget;
			buildConfigurationList = 9FC0689B1D1DB3F500DA1EFA /* Build configuration list for PBXNativeTarget "ITC Impact StoriesTests" */;
			buildPhases = (
				9FC068801D1DB3F500DA1EFA /* Sources */,
				9FC068811D1DB3F500DA1EFA /* Frameworks */,
				9FC068821D1DB3F500DA1EFA /* Resources */,
			);
			buildRules = (
			);
			dependencies = (
				9FC068861D1DB3F500DA1EFA /* PBXTargetDependency */,
			);
			name = "ITC Impact StoriesTests";
			productName = "ITC Impact StoriesTests";
			productReference = 9FC068841D1DB3F500DA1EFA /* ITC Impact StoriesTests.xctest */;
			productType = "com.apple.product-type.bundle.unit-test";
		};
		9FC0688E1D1DB3F500DA1EFA /* ITC Impact StoriesUITests */ = {
			isa = PBXNativeTarget;
			buildConfigurationList = 9FC0689E1D1DB3F500DA1EFA /* Build configuration list for PBXNativeTarget "ITC Impact StoriesUITests" */;
			buildPhases = (
				9FC0688B1D1DB3F500DA1EFA /* Sources */,
				9FC0688C1D1DB3F500DA1EFA /* Frameworks */,
				9FC0688D1D1DB3F500DA1EFA /* Resources */,
			);
			buildRules = (
			);
			dependencies = (
				9FC068911D1DB3F500DA1EFA /* PBXTargetDependency */,
			);
			name = "ITC Impact StoriesUITests";
			productName = "ITC Impact StoriesUITests";
			productReference = 9FC0688F1D1DB3F500DA1EFA /* ITC Impact StoriesUITests.xctest */;
			productType = "com.apple.product-type.bundle.ui-testing";
		};
/* End PBXNativeTarget section */

/* Begin PBXProject section */
		9FC068601D1DB3F500DA1EFA /* Project object */ = {
			isa = PBXProject;
			attributes = {
				LastUpgradeCheck = 0730;
				ORGANIZATIONNAME = "ITC/United Nations";
				TargetAttributes = {
					9FC068671D1DB3F500DA1EFA = {
						CreatedOnToolsVersion = 7.3.1;
						DevelopmentTeam = WK8C444NDG;
					};
					9FC068831D1DB3F500DA1EFA = {
						CreatedOnToolsVersion = 7.3.1;
						TestTargetID = 9FC068671D1DB3F500DA1EFA;
					};
					9FC0688E1D1DB3F500DA1EFA = {
						CreatedOnToolsVersion = 7.3.1;
						TestTargetID = 9FC068671D1DB3F500DA1EFA;
					};
				};
			};
			buildConfigurationList = 9FC068631D1DB3F500DA1EFA /* Build configuration list for PBXProject "ITC Impact Stories" */;
			compatibilityVersion = "Xcode 3.2";
			developmentRegion = English;
			hasScannedForEncodings = 0;
			knownRegions = (
				en,
				Base,
			);
			mainGroup = 9FC0685F1D1DB3F500DA1EFA;
			productRefGroup = 9FC068691D1DB3F500DA1EFA /* Products */;
			projectDirPath = "";
			projectRoot = "";
			targets = (
				9FC068671D1DB3F500DA1EFA /* ITC Impact Stories */,
				9FC068831D1DB3F500DA1EFA /* ITC Impact StoriesTests */,
				9FC0688E1D1DB3F500DA1EFA /* ITC Impact StoriesUITests */,
			);
		};
/* End PBXProject section */

/* Begin PBXResourcesBuildPhase section */
		9FC068661D1DB3F500DA1EFA /* Resources */ = {
			isa = PBXResourcesBuildPhase;
			buildActionMask = 2147483647;
			files = (
				60CC120B1D6F173B00B37716 /* Cote_dIvoire in Resources */,
				9F6C2B1C1D1FCD81004704BE /* previous.png in Resources */,
				60CC115F1D6218BC00B37716 /* CaseStudy6.html in Resources */,
				60CC11621D6218BC00B37716 /* CaseStudy9.html in Resources */,
				9FC0687E1D1DB3F500DA1EFA /* LaunchScreen.storyboard in Resources */,
				60CC115A1D6218BC00B37716 /* CaseStudy1.html in Resources */,
				60CC12251D6F288F00B37716 /* Peru in Resources */,
				60CC11F31D6EE57F00B37716 /* swiper.jquery.min.js in Resources */,
				9F6C2B2C1D213EA7004704BE /* right-30.png in Resources */,
				60CC121D1D6F285000B37716 /* Cambodia in Resources */,
				60CC122D1D6F28CC00B37716 /* Mauritius in Resources */,
				9F09DF5D1D24063D00C13459 /* Cote_divoire_2.html in Resources */,
				9FD2CF1B1D72045B00F476E2 /* swiper.min.css in Resources */,
				60CC11E41D6DD82E00B37716 /* Case_studies in Resources */,
				9F09DF561D24061900C13459 /* Papa new guinea.html in Resources */,
				60CC12171D6F21CD00B37716 /* Egypt in Resources */,
				9FC0687B1D1DB3F500DA1EFA /* Assets.xcassets in Resources */,
				9F6C2AAC1D1FCD81004704BE /* Impact-Stories-web_1.css in Resources */,
				9F6C2B2E1D213EB2004704BE /* menu-30.png in Resources */,
				9F6C2A2D1D1FB6B6004704BE /* next.png in Resources */,
				9F09DF5F1D24064300C13459 /* mauritius.html in Resources */,
				60CC12191D6F231000B37716 /* Mekong_region in Resources */,
				9F6C2A2B1D1FB699004704BE /* previous.png in Resources */,
				60CC11F21D6EE57F00B37716 /* swiper.jquery.js in Resources */,
				60CC12271D6F289A00B37716 /* Papua_New_Guinea in Resources */,
				9FD2CF1E1D72046800F476E2 /* swiper.css in Resources */,
				9F09DF5B1D24062F00C13459 /* kyrgistan-1.html in Resources */,
				9F6C2B241D20A163004704BE /* back_button.png in Resources */,
				60CC11631D6218BC00B37716 /* CaseStudy10.html in Resources */,
				9F09DF591D24062800C13459 /* Cambodia.html in Resources */,
				60CC11611D6218BC00B37716 /* CaseStudy8.html in Resources */,
				9F6C2B1A1D1FCD81004704BE /* Impact-Stories-web_2.html in Resources */,
				60CC12291D6F28AF00B37716 /* Kenya in Resources */,
				60CC12071D6EFA6C00B37716 /* Market_intelligence in Resources */,
				9F6C2B261D20A179004704BE /* next_button.png in Resources */,
				9F6C2B2A1D213E9E004704BE /* left-30.png in Resources */,
				9F6C2B1B1D1FCD81004704BE /* Market_Intelligence.html in Resources */,
				60CC122F1D6F2DCA00B37716 /* Cote_dIvoire2 in Resources */,
				60CC12211D6F286500B37716 /* TPO_benchmarking in Resources */,
				60CC11F41D6EE57F00B37716 /* swiper.js in Resources */,
				9F6C2AA71D1FCD81004704BE /* 1-Trade&market.html in Resources */,
				60CC115C1D6218BC00B37716 /* CaseStudy3.html in Resources */,
				60CC12231D6F287100B37716 /* Ethical_Fashion in Resources */,
				9F09DF541D24061900C13459 /* Ethical fashion.html in Resources */,
				9F6C2AAD1D1FCD81004704BE /* foreword.html in Resources */,
				9FC068761D1DB3F500DA1EFA /* Main.storyboard in Resources */,
				9F6C2AAB1D1FCD81004704BE /* Cote_dIvoire.html in Resources */,
				9F6C2A291D1FB681004704BE /* icon-menu.png in Resources */,
				60CC11E61D6EDEB200B37716 /* autoGallery.html in Resources */,
				9F09DF551D24061900C13459 /* Kenya.html in Resources */,
				9F6C2B281D213876004704BE /* ITC-logo-high.png in Resources */,
				60CC11F51D6EE57F00B37716 /* swiper.min.js in Resources */,
				60CC121F1D6F285C00B37716 /* Nigeria in Resources */,
				60CC121B1D6F284300B37716 /* Kyrgyzstan in Resources */,
				9F09DF571D24061900C13459 /* Peru.html in Resources */,
				60CC115B1D6218BC00B37716 /* CaseStudy2.html in Resources */,
				60CC115E1D6218BC00B37716 /* CaseStudy5.html in Resources */,
				9F6C2AAA1D1FCD81004704BE /* 4-Nigeria.html in Resources */,
				60CC11601D6218BC00B37716 /* CaseStudy7.html in Resources */,
				9F09DF4F1D2405FF00C13459 /* TPO_benchmarking.html in Resources */,
				60CC12011D6EF55100B37716 /* 0_Foreword in Resources */,
				60CC11E81D6EE19C00B37716 /* Infographics in Resources */,
				9F6C2AA81D1FCD81004704BE /* 2-Egypt.html in Resources */,
				60CC115D1D6218BC00B37716 /* CaseStudy4.html in Resources */,
				9F6C2AA91D1FCD81004704BE /* 2-Mekong-region.html in Resources */,
			);
			runOnlyForDeploymentPostprocessing = 0;
		};
		9FC068821D1DB3F500DA1EFA /* Resources */ = {
			isa = PBXResourcesBuildPhase;
			buildActionMask = 2147483647;
			files = (
				9FD2CF1C1D72045B00F476E2 /* swiper.min.css in Resources */,
				9FD2CF1F1D72046800F476E2 /* swiper.css in Resources */,
			);
			runOnlyForDeploymentPostprocessing = 0;
		};
		9FC0688D1D1DB3F500DA1EFA /* Resources */ = {
			isa = PBXResourcesBuildPhase;
			buildActionMask = 2147483647;
			files = (
			);
			runOnlyForDeploymentPostprocessing = 0;
		};
/* End PBXResourcesBuildPhase section */

/* Begin PBXSourcesBuildPhase section */
		9FC068641D1DB3F500DA1EFA /* Sources */ = {
			isa = PBXSourcesBuildPhase;
			buildActionMask = 2147483647;
			files = (
				9FD2CF2A1D7338F300F476E2 /* ThemeCell.m in Sources */,
				9FC068B21D1E675D00DA1EFA /* RightToLeftSegue.m in Sources */,
				9F6C2B1F1D1FD560004704BE /* PageTwo.m in Sources */,
				9FC8F0501D7468C600B5521D /* CaseTableViewController_2.m in Sources */,
				9FC068AF1D1E5DE900DA1EFA /* ViewControllerFour.m in Sources */,
				9FC8F04A1D74486A00B5521D /* MenuCell.m in Sources */,
				9FC068791D1DB3F500DA1EFA /* ITC_Impact_Stories.xcdatamodeld in Sources */,
				9FC8F0591D7468F600B5521D /* CaseTableViewController_5.m in Sources */,
				9FC068731D1DB3F500DA1EFA /* ViewController.m in Sources */,
				9F6C2B221D1FF472004704BE /* BackgroundLayer.m in Sources */,
				9FC068A61D1DBCE200DA1EFA /* NavigationViewController.m in Sources */,
				9FC8F05C1D74690500B5521D /* CaseTableViewController_6.m in Sources */,
				9FC068A31D1DB40D00DA1EFA /* SWRevealViewController.m in Sources */,
				9FC8F0561D7468E700B5521D /* CaseTableViewController_4.m in Sources */,
				9FC8F0531D7468D900B5521D /* CaseTableViewController_3.m in Sources */,
				9F12B16D1D2512D400BB6FED /* ViewControllerFive.m in Sources */,
				9F12B1701D25478F00BB6FED /* SettingsViewController.m in Sources */,
				9FD2CF2E1D739AFF00F476E2 /* StoryCell.m in Sources */,
				9FC068A91D1E59BA00DA1EFA /* ViewControllerTwo.m in Sources */,
				9FD2CF261D7337A700F476E2 /* CaseTableViewController_1.m in Sources */,
				9F09DF4D1D234BD200C13459 /* PageFour.m in Sources */,
				9FD2CF321D73A2A600F476E2 /* PageTwo_2.m in Sources */,
				9FC068701D1DB3F500DA1EFA /* AppDelegate.m in Sources */,
				9F09DF4A1D234B9900C13459 /* PageFive.m in Sources */,
				9FC0686D1D1DB3F500DA1EFA /* main.m in Sources */,
				9FC068AC1D1E59CF00DA1EFA /* ViewControllerThree.m in Sources */,
				9FFF7DE71D216C060041E3DB /* PageThree.m in Sources */,
			);
			runOnlyForDeploymentPostprocessing = 0;
		};
		9FC068801D1DB3F500DA1EFA /* Sources */ = {
			isa = PBXSourcesBuildPhase;
			buildActionMask = 2147483647;
			files = (
				9FD2CF331D73A2A600F476E2 /* PageTwo_2.m in Sources */,
				9FD2CF2B1D7338F300F476E2 /* ThemeCell.m in Sources */,
				9FC068891D1DB3F500DA1EFA /* ITC_Impact_StoriesTests.m in Sources */,
				9FD2CF271D7337A700F476E2 /* CaseTableViewController_1.m in Sources */,
				9FD2CF2F1D739AFF00F476E2 /* StoryCell.m in Sources */,
			);
			runOnlyForDeploymentPostprocessing = 0;
		};
		9FC0688B1D1DB3F500DA1EFA /* Sources */ = {
			isa = PBXSourcesBuildPhase;
			buildActionMask = 2147483647;
			files = (
				9FC068941D1DB3F500DA1EFA /* ITC_Impact_StoriesUITests.m in Sources */,
			);
			runOnlyForDeploymentPostprocessing = 0;
		};
/* End PBXSourcesBuildPhase section */

/* Begin PBXTargetDependency section */
		9FC068861D1DB3F500DA1EFA /* PBXTargetDependency */ = {
			isa = PBXTargetDependency;
			target = 9FC068671D1DB3F500DA1EFA /* ITC Impact Stories */;
			targetProxy = 9FC068851D1DB3F500DA1EFA /* PBXContainerItemProxy */;
		};
		9FC068911D1DB3F500DA1EFA /* PBXTargetDependency */ = {
			isa = PBXTargetDependency;
			target = 9FC068671D1DB3F500DA1EFA /* ITC Impact Stories */;
			targetProxy = 9FC068901D1DB3F500DA1EFA /* PBXContainerItemProxy */;
		};
/* End PBXTargetDependency section */

/* Begin PBXVariantGroup section */
		9FC068741D1DB3F500DA1EFA /* Main.storyboard */ = {
			isa = PBXVariantGroup;
			children = (
				9FC068751D1DB3F500DA1EFA /* Base */,
			);
			name = Main.storyboard;
			sourceTree = "<group>";
		};
		9FC0687C1D1DB3F500DA1EFA /* LaunchScreen.storyboard */ = {
			isa = PBXVariantGroup;
			children = (
				9FC0687D1D1DB3F500DA1EFA /* Base */,
			);
			name = LaunchScreen.storyboard;
			sourceTree = "<group>";
		};
/* End PBXVariantGroup section */

/* Begin XCBuildConfiguration section */
		9FC068961D1DB3F500DA1EFA /* Debug */ = {
			isa = XCBuildConfiguration;
			buildSettings = {
				ALWAYS_SEARCH_USER_PATHS = NO;
				CLANG_ANALYZER_NONNULL = YES;
				CLANG_CXX_LANGUAGE_STANDARD = "gnu++0x";
				CLANG_CXX_LIBRARY = "libc++";
				CLANG_ENABLE_MODULES = YES;
				CLANG_ENABLE_OBJC_ARC = YES;
				CLANG_WARN_BOOL_CONVERSION = YES;
				CLANG_WARN_CONSTANT_CONVERSION = YES;
				CLANG_WARN_DIRECT_OBJC_ISA_USAGE = YES_ERROR;
				CLANG_WARN_EMPTY_BODY = YES;
				CLANG_WARN_ENUM_CONVERSION = YES;
				CLANG_WARN_INT_CONVERSION = YES;
				CLANG_WARN_OBJC_ROOT_CLASS = YES_ERROR;
				CLANG_WARN_UNREACHABLE_CODE = YES;
				CLANG_WARN__DUPLICATE_METHOD_MATCH = YES;
				"CODE_SIGN_IDENTITY[sdk=iphoneos*]" = "iPhone Developer";
				COPY_PHASE_STRIP = NO;
				DEBUG_INFORMATION_FORMAT = dwarf;
				ENABLE_STRICT_OBJC_MSGSEND = YES;
				ENABLE_TESTABILITY = YES;
				GCC_C_LANGUAGE_STANDARD = gnu99;
				GCC_DYNAMIC_NO_PIC = NO;
				GCC_NO_COMMON_BLOCKS = YES;
				GCC_OPTIMIZATION_LEVEL = 0;
				GCC_PREPROCESSOR_DEFINITIONS = (
					"DEBUG=1",
					"$(inherited)",
				);
				GCC_WARN_64_TO_32_BIT_CONVERSION = YES;
				GCC_WARN_ABOUT_RETURN_TYPE = YES_ERROR;
				GCC_WARN_UNDECLARED_SELECTOR = YES;
				GCC_WARN_UNINITIALIZED_AUTOS = YES_AGGRESSIVE;
				GCC_WARN_UNUSED_FUNCTION = YES;
				GCC_WARN_UNUSED_VARIABLE = YES;
				IPHONEOS_DEPLOYMENT_TARGET = 9.3;
				MTL_ENABLE_DEBUG_INFO = YES;
				ONLY_ACTIVE_ARCH = YES;
				SDKROOT = iphoneos;
			};
			name = Debug;
		};
		9FC068971D1DB3F500DA1EFA /* Release */ = {
			isa = XCBuildConfiguration;
			buildSettings = {
				ALWAYS_SEARCH_USER_PATHS = NO;
				CLANG_ANALYZER_NONNULL = YES;
				CLANG_CXX_LANGUAGE_STANDARD = "gnu++0x";
				CLANG_CXX_LIBRARY = "libc++";
				CLANG_ENABLE_MODULES = YES;
				CLANG_ENABLE_OBJC_ARC = YES;
				CLANG_WARN_BOOL_CONVERSION = YES;
				CLANG_WARN_CONSTANT_CONVERSION = YES;
				CLANG_WARN_DIRECT_OBJC_ISA_USAGE = YES_ERROR;
				CLANG_WARN_EMPTY_BODY = YES;
				CLANG_WARN_ENUM_CONVERSION = YES;
				CLANG_WARN_INT_CONVERSION = YES;
				CLANG_WARN_OBJC_ROOT_CLASS = YES_ERROR;
				CLANG_WARN_UNREACHABLE_CODE = YES;
				CLANG_WARN__DUPLICATE_METHOD_MATCH = YES;
				"CODE_SIGN_IDENTITY[sdk=iphoneos*]" = "iPhone Developer";
				COPY_PHASE_STRIP = NO;
				DEBUG_INFORMATION_FORMAT = "dwarf-with-dsym";
				ENABLE_NS_ASSERTIONS = NO;
				ENABLE_STRICT_OBJC_MSGSEND = YES;
				GCC_C_LANGUAGE_STANDARD = gnu99;
				GCC_NO_COMMON_BLOCKS = YES;
				GCC_WARN_64_TO_32_BIT_CONVERSION = YES;
				GCC_WARN_ABOUT_RETURN_TYPE = YES_ERROR;
				GCC_WARN_UNDECLARED_SELECTOR = YES;
				GCC_WARN_UNINITIALIZED_AUTOS = YES_AGGRESSIVE;
				GCC_WARN_UNUSED_FUNCTION = YES;
				GCC_WARN_UNUSED_VARIABLE = YES;
				IPHONEOS_DEPLOYMENT_TARGET = 9.3;
				MTL_ENABLE_DEBUG_INFO = NO;
				SDKROOT = iphoneos;
				VALIDATE_PRODUCT = YES;
			};
			name = Release;
		};
		9FC068991D1DB3F500DA1EFA /* Debug */ = {
			isa = XCBuildConfiguration;
			buildSettings = {
				ASSETCATALOG_COMPILER_APPICON_NAME = AppIcon;
				CODE_SIGN_IDENTITY = "iPhone Developer";
				INFOPLIST_FILE = "ITC Impact Stories/Info.plist";
				IPHONEOS_DEPLOYMENT_TARGET = 7.0;
				LD_RUNPATH_SEARCH_PATHS = "$(inherited) @executable_path/Frameworks";
				PRODUCT_BUNDLE_IDENTIFIER = "ITC.ITC-Impact-Stories";
				PRODUCT_NAME = "$(TARGET_NAME)";
			};
			name = Debug;
		};
		9FC0689A1D1DB3F500DA1EFA /* Release */ = {
			isa = XCBuildConfiguration;
			buildSettings = {
				ASSETCATALOG_COMPILER_APPICON_NAME = AppIcon;
				CODE_SIGN_IDENTITY = "iPhone Developer";
				INFOPLIST_FILE = "ITC Impact Stories/Info.plist";
				IPHONEOS_DEPLOYMENT_TARGET = 7.0;
				LD_RUNPATH_SEARCH_PATHS = "$(inherited) @executable_path/Frameworks";
				PRODUCT_BUNDLE_IDENTIFIER = "ITC.ITC-Impact-Stories";
				PRODUCT_NAME = "$(TARGET_NAME)";
			};
			name = Release;
		};
		9FC0689C1D1DB3F500DA1EFA /* Debug */ = {
			isa = XCBuildConfiguration;
			buildSettings = {
				BUNDLE_LOADER = "$(TEST_HOST)";
				INFOPLIST_FILE = "ITC Impact StoriesTests/Info.plist";
				LD_RUNPATH_SEARCH_PATHS = "$(inherited) @executable_path/Frameworks @loader_path/Frameworks";
				PRODUCT_BUNDLE_IDENTIFIER = "ITC.ITC-Impact-StoriesTests";
				PRODUCT_NAME = "$(TARGET_NAME)";
				TEST_HOST = "$(BUILT_PRODUCTS_DIR)/ITC Impact Stories.app/ITC Impact Stories";
			};
			name = Debug;
		};
		9FC0689D1D1DB3F500DA1EFA /* Release */ = {
			isa = XCBuildConfiguration;
			buildSettings = {
				BUNDLE_LOADER = "$(TEST_HOST)";
				INFOPLIST_FILE = "ITC Impact StoriesTests/Info.plist";
				LD_RUNPATH_SEARCH_PATHS = "$(inherited) @executable_path/Frameworks @loader_path/Frameworks";
				PRODUCT_BUNDLE_IDENTIFIER = "ITC.ITC-Impact-StoriesTests";
				PRODUCT_NAME = "$(TARGET_NAME)";
				TEST_HOST = "$(BUILT_PRODUCTS_DIR)/ITC Impact Stories.app/ITC Impact Stories";
			};
			name = Release;
		};
		9FC0689F1D1DB3F500DA1EFA /* Debug */ = {
			isa = XCBuildConfiguration;
			buildSettings = {
				INFOPLIST_FILE = "ITC Impact StoriesUITests/Info.plist";
				LD_RUNPATH_SEARCH_PATHS = "$(inherited) @executable_path/Frameworks @loader_path/Frameworks";
				PRODUCT_BUNDLE_IDENTIFIER = "ITC.ITC-Impact-StoriesUITests";
				PRODUCT_NAME = "$(TARGET_NAME)";
				TEST_TARGET_NAME = "ITC Impact Stories";
			};
			name = Debug;
		};
		9FC068A01D1DB3F500DA1EFA /* Release */ = {
			isa = XCBuildConfiguration;
			buildSettings = {
				INFOPLIST_FILE = "ITC Impact StoriesUITests/Info.plist";
				LD_RUNPATH_SEARCH_PATHS = "$(inherited) @executable_path/Frameworks @loader_path/Frameworks";
				PRODUCT_BUNDLE_IDENTIFIER = "ITC.ITC-Impact-StoriesUITests";
				PRODUCT_NAME = "$(TARGET_NAME)";
				TEST_TARGET_NAME = "ITC Impact Stories";
			};
			name = Release;
		};
/* End XCBuildConfiguration section */

/* Begin XCConfigurationList section */
		9FC068631D1DB3F500DA1EFA /* Build configuration list for PBXProject "ITC Impact Stories" */ = {
			isa = XCConfigurationList;
			buildConfigurations = (
				9FC068961D1DB3F500DA1EFA /* Debug */,
				9FC068971D1DB3F500DA1EFA /* Release */,
			);
			defaultConfigurationIsVisible = 0;
			defaultConfigurationName = Release;
		};
		9FC068981D1DB3F500DA1EFA /* Build configuration list for PBXNativeTarget "ITC Impact Stories" */ = {
			isa = XCConfigurationList;
			buildConfigurations = (
				9FC068991D1DB3F500DA1EFA /* Debug */,
				9FC0689A1D1DB3F500DA1EFA /* Release */,
			);
			defaultConfigurationIsVisible = 0;
			defaultConfigurationName = Release;
		};
		9FC0689B1D1DB3F500DA1EFA /* Build configuration list for PBXNativeTarget "ITC Impact StoriesTests" */ = {
			isa = XCConfigurationList;
			buildConfigurations = (
				9FC0689C1D1DB3F500DA1EFA /* Debug */,
				9FC0689D1D1DB3F500DA1EFA /* Release */,
			);
			defaultConfigurationIsVisible = 0;
			defaultConfigurationName = Release;
		};
		9FC0689E1D1DB3F500DA1EFA /* Build configuration list for PBXNativeTarget "ITC Impact StoriesUITests" */ = {
			isa = XCConfigurationList;
			buildConfigurations = (
				9FC0689F1D1DB3F500DA1EFA /* Debug */,
				9FC068A01D1DB3F500DA1EFA /* Release */,
			);
			defaultConfigurationIsVisible = 0;
			defaultConfigurationName = Release;
		};
/* End XCConfigurationList section */

/* Begin XCVersionGroup section */
		9FC068771D1DB3F500DA1EFA /* ITC_Impact_Stories.xcdatamodeld */ = {
			isa = XCVersionGroup;
			children = (
				9FC068781D1DB3F500DA1EFA /* ITC_Impact_Stories.xcdatamodel */,
			);
			currentVersion = 9FC068781D1DB3F500DA1EFA /* ITC_Impact_Stories.xcdatamodel */;
			path = ITC_Impact_Stories.xcdatamodeld;
			sourceTree = "<group>";
			versionGroupType = wrapper.xcdatamodel;
		};
/* End XCVersionGroup section */
	};
	rootObject = 9FC068601D1DB3F500DA1EFA /* Project object */;
}
